
Microsoft Visual Studio Solution File, Format Version 12.00
# Visual Studio Version 17
VisualStudioVersion = 17.13.35825.156 d17.13
MinimumVisualStudioVersion = 10.0.40219.1
Project("{FAE04EC0-301F-11D3-BF4B-00C04F79EFBC}") = "FacilityManagementSystem", "FacilityManagementSystem.csproj", "{AA81D21E-2348-4D5D-B8DD-86416CECE890}"
EndProject
Global
	GlobalSection(SolutionConfigurationPlatforms) = preSolution
		Debug|Any CPU = Debug|Any CPU
		Release|Any CPU = Release|Any CPU
	EndGlobalSection
	GlobalSection(ProjectConfigurationPlatforms) = postSolution
		{AA81D21E-2348-4D5D-B8DD-86416CECE890}.Debug|Any CPU.ActiveCfg = Debug|Any CPU
		{AA81D21E-2348-4D5D-B8DD-86416CECE890}.Debug|Any CPU.Build.0 = Debug|Any CPU
		{AA81D21E-2348-4D5D-B8DD-86416CECE890}.Release|Any CPU.ActiveCfg = Release|Any CPU
		{AA81D21E-2348-4D5D-B8DD-86416CECE890}.Release|Any CPU.Build.0 = Release|Any CPU
	EndGlobalSection
	GlobalSection(SolutionProperties) = preSolution
		HideSolutionNode = FALSE
	EndGlobalSection
	GlobalSection(ExtensibilityGlobals) = postSolution
		SolutionGuid = {E631AFDB-8A00-40C5-9710-F1525F2EC026}
	EndGlobalSection
EndGlobal
